
Microsoft Visual Studio Solution File, Format Version 12.00
# Visual Studio Version 17
VisualStudioVersion = 17.4.33213.308
MinimumVisualStudioVersion = 10.0.40219.1
Project("{FAE04EC0-301F-11D3-BF4B-00C04F79EFBC}") = "MyCRM", "MyCRM\MyCRM.csproj", "{936DCC44-45D9-4F3C-AD17-90D43435AEBE}"
EndProject
Global
	GlobalSection(SolutionConfigurationPlatforms) = preSolution
		Debug|Any CPU = Debug|Any CPU
		Release|Any CPU = Release|Any CPU
	EndGlobalSection
	GlobalSection(ProjectConfigurationPlatforms) = postSolution
		{936DCC44-45D9-4F3C-AD17-90D43435AEBE}.Debug|Any CPU.ActiveCfg = Debug|Any CPU
		{936DCC44-45D9-4F3C-AD17-90D43435AEBE}.Debug|Any CPU.Build.0 = Debug|Any CPU
		{936DCC44-45D9-4F3C-AD17-90D43435AEBE}.Release|Any CPU.ActiveCfg = Release|Any CPU
		{936DCC44-45D9-4F3C-AD17-90D43435AEBE}.Release|Any CPU.Build.0 = Release|Any CPU
	EndGlobalSection
	GlobalSection(SolutionProperties) = preSolution
		HideSolutionNode = FALSE
	EndGlobalSection
	GlobalSection(ExtensibilityGlobals) = postSolution
		SolutionGuid = {446908B1-90D7-437D-BBDB-0FA5D29AE7A7}
	EndGlobalSection
EndGlobal
